
Microsoft Visual Studio Solution File, Format Version 12.00
# Visual Studio 15
VisualStudioVersion = 15.0.28307.572
MinimumVisualStudioVersion = 10.0.40219.1
Project("{9A19103F-16F7-4668-BE54-9A1E7A4F7556}") = "AlexaSkillProjectStarWarsCharacters", "AlexaSkillProjectStarWarsCharacters\AlexaSkillProjectStarWarsCharacters.csproj", "{A51C0B3D-22B1-4917-B6CD-16394DC571EB}"
EndProject
Global
	GlobalSection(SolutionConfigurationPlatforms) = preSolution
		Debug|Any CPU = Debug|Any CPU
		Release|Any CPU = Release|Any CPU
	EndGlobalSection
	GlobalSection(ProjectConfigurationPlatforms) = postSolution
		{A51C0B3D-22B1-4917-B6CD-16394DC571EB}.Debug|Any CPU.ActiveCfg = Debug|Any CPU
		{A51C0B3D-22B1-4917-B6CD-16394DC571EB}.Debug|Any CPU.Build.0 = Debug|Any CPU
		{A51C0B3D-22B1-4917-B6CD-16394DC571EB}.Release|Any CPU.ActiveCfg = Release|Any CPU
		{A51C0B3D-22B1-4917-B6CD-16394DC571EB}.Release|Any CPU.Build.0 = Release|Any CPU
	EndGlobalSection
	GlobalSection(SolutionProperties) = preSolution
		HideSolutionNode = FALSE
	EndGlobalSection
	GlobalSection(ExtensibilityGlobals) = postSolution
		SolutionGuid = {266A124D-871B-4576-B446-7894B712DE36}
	EndGlobalSection
EndGlobal
